
Microsoft Visual Studio Solution File, Format Version 12.00
# Visual Studio 15
VisualStudioVersion = 15.0.26124.0
MinimumVisualStudioVersion = 15.0.26124.0
Project("{FAE04EC0-301F-11D3-BF4B-00C04F79EFBC}") = "RWTodd.Spritz.Algorithm", "Algorithm\RWTodd.Spritz.Algorithm.csproj", "{75EE927D-D188-4E94-8B08-E99BCABA69B0}"
EndProject
Project("{FAE04EC0-301F-11D3-BF4B-00C04F79EFBC}") = "RWTodd.Spritz.Tests", "Algorithm.Tests\RWTodd.Spritz.Tests.csproj", "{367BFF51-5D64-4396-BEAB-60AE419FD906}"
EndProject
Project("{FAE04EC0-301F-11D3-BF4B-00C04F79EFBC}") = "RWTodd.Spritz.Cmd", "Cmd\RWTodd.Spritz.Cmd.csproj", "{1FC277BE-8B80-440A-8790-D9356318845B}"
EndProject
Global
	GlobalSection(SolutionConfigurationPlatforms) = preSolution
		Debug|Any CPU = Debug|Any CPU
		Debug|x64 = Debug|x64
		Debug|x86 = Debug|x86
		Release|Any CPU = Release|Any CPU
		Release|x64 = Release|x64
		Release|x86 = Release|x86
	EndGlobalSection
	GlobalSection(SolutionProperties) = preSolution
		HideSolutionNode = FALSE
	EndGlobalSection
	GlobalSection(ProjectConfigurationPlatforms) = postSolution
		{75EE927D-D188-4E94-8B08-E99BCABA69B0}.Debug|Any CPU.ActiveCfg = Debug|Any CPU
		{75EE927D-D188-4E94-8B08-E99BCABA69B0}.Debug|Any CPU.Build.0 = Debug|Any CPU
		{75EE927D-D188-4E94-8B08-E99BCABA69B0}.Debug|x64.ActiveCfg = Debug|Any CPU
		{75EE927D-D188-4E94-8B08-E99BCABA69B0}.Debug|x64.Build.0 = Debug|Any CPU
		{75EE927D-D188-4E94-8B08-E99BCABA69B0}.Debug|x86.ActiveCfg = Debug|Any CPU
		{75EE927D-D188-4E94-8B08-E99BCABA69B0}.Debug|x86.Build.0 = Debug|Any CPU
		{75EE927D-D188-4E94-8B08-E99BCABA69B0}.Release|Any CPU.ActiveCfg = Release|Any CPU
		{75EE927D-D188-4E94-8B08-E99BCABA69B0}.Release|Any CPU.Build.0 = Release|Any CPU
		{75EE927D-D188-4E94-8B08-E99BCABA69B0}.Release|x64.ActiveCfg = Release|Any CPU
		{75EE927D-D188-4E94-8B08-E99BCABA69B0}.Release|x64.Build.0 = Release|Any CPU
		{75EE927D-D188-4E94-8B08-E99BCABA69B0}.Release|x86.ActiveCfg = Release|Any CPU
		{75EE927D-D188-4E94-8B08-E99BCABA69B0}.Release|x86.Build.0 = Release|Any CPU
		{367BFF51-5D64-4396-BEAB-60AE419FD906}.Debug|Any CPU.ActiveCfg = Debug|Any CPU
		{367BFF51-5D64-4396-BEAB-60AE419FD906}.Debug|Any CPU.Build.0 = Debug|Any CPU
		{367BFF51-5D64-4396-BEAB-60AE419FD906}.Debug|x64.ActiveCfg = Debug|Any CPU
		{367BFF51-5D64-4396-BEAB-60AE419FD906}.Debug|x64.Build.0 = Debug|Any CPU
		{367BFF51-5D64-4396-BEAB-60AE419FD906}.Debug|x86.ActiveCfg = Debug|Any CPU
		{367BFF51-5D64-4396-BEAB-60AE419FD906}.Debug|x86.Build.0 = Debug|Any CPU
		{367BFF51-5D64-4396-BEAB-60AE419FD906}.Release|Any CPU.ActiveCfg = Release|Any CPU
		{367BFF51-5D64-4396-BEAB-60AE419FD906}.Release|Any CPU.Build.0 = Release|Any CPU
		{367BFF51-5D64-4396-BEAB-60AE419FD906}.Release|x64.ActiveCfg = Release|Any CPU
		{367BFF51-5D64-4396-BEAB-60AE419FD906}.Release|x64.Build.0 = Release|Any CPU
		{367BFF51-5D64-4396-BEAB-60AE419FD906}.Release|x86.ActiveCfg = Release|Any CPU
		{367BFF51-5D64-4396-BEAB-60AE419FD906}.Release|x86.Build.0 = Release|Any CPU
		{1FC277BE-8B80-440A-8790-D9356318845B}.Debug|Any CPU.ActiveCfg = Debug|Any CPU
		{1FC277BE-8B80-440A-8790-D9356318845B}.Debug|Any CPU.Build.0 = Debug|Any CPU
		{1FC277BE-8B80-440A-8790-D9356318845B}.Debug|x64.ActiveCfg = Debug|Any CPU
		{1FC277BE-8B80-440A-8790-D9356318845B}.Debug|x64.Build.0 = Debug|Any CPU
		{1FC277BE-8B80-440A-8790-D9356318845B}.Debug|x86.ActiveCfg = Debug|Any CPU
		{1FC277BE-8B80-440A-8790-D9356318845B}.Debug|x86.Build.0 = Debug|Any CPU
		{1FC277BE-8B80-440A-8790-D9356318845B}.Release|Any CPU.ActiveCfg = Release|Any CPU
		{1FC277BE-8B80-440A-8790-D9356318845B}.Release|Any CPU.Build.0 = Release|Any CPU
		{1FC277BE-8B80-440A-8790-D9356318845B}.Release|x64.ActiveCfg = Release|Any CPU
		{1FC277BE-8B80-440A-8790-D9356318845B}.Release|x64.Build.0 = Release|Any CPU
		{1FC277BE-8B80-440A-8790-D9356318845B}.Release|x86.ActiveCfg = Release|Any CPU
		{1FC277BE-8B80-440A-8790-D9356318845B}.Release|x86.Build.0 = Release|Any CPU
	EndGlobalSection
EndGlobal
