
Microsoft Visual Studio Solution File, Format Version 12.00
# Visual Studio Version 16
VisualStudioVersion = 16.0.30114.105
MinimumVisualStudioVersion = 10.0.40219.1
Project("{FAE04EC0-301F-11D3-BF4B-00C04F79EFBC}") = "RWTodd.Spritz.Algorithm", "Algorithm\RWTodd.Spritz.Algorithm.csproj", "{42CC4347-4757-4C72-AF93-BDE74AFCFC5B}"
EndProject
Project("{FAE04EC0-301F-11D3-BF4B-00C04F79EFBC}") = "RWTodd.Spritz.Tests", "Algorithm.Tests\RWTodd.Spritz.Tests.csproj", "{AD620930-7A49-4BCE-8D7A-738ACA7BC9C2}"
EndProject
Project("{FAE04EC0-301F-11D3-BF4B-00C04F79EFBC}") = "RWTodd.Spritz.Cmd", "Cmd\RWTodd.Spritz.Cmd.csproj", "{C39835DF-B9C8-4B85-9F0D-4D183975DED1}"
EndProject
Global
	GlobalSection(SolutionConfigurationPlatforms) = preSolution
		Debug|Any CPU = Debug|Any CPU
		Debug|x64 = Debug|x64
		Debug|x86 = Debug|x86
		Release|Any CPU = Release|Any CPU
		Release|x64 = Release|x64
		Release|x86 = Release|x86
	EndGlobalSection
	GlobalSection(SolutionProperties) = preSolution
		HideSolutionNode = FALSE
	EndGlobalSection
	GlobalSection(ProjectConfigurationPlatforms) = postSolution
		{42CC4347-4757-4C72-AF93-BDE74AFCFC5B}.Debug|Any CPU.ActiveCfg = Debug|Any CPU
		{42CC4347-4757-4C72-AF93-BDE74AFCFC5B}.Debug|Any CPU.Build.0 = Debug|Any CPU
		{42CC4347-4757-4C72-AF93-BDE74AFCFC5B}.Debug|x64.ActiveCfg = Debug|Any CPU
		{42CC4347-4757-4C72-AF93-BDE74AFCFC5B}.Debug|x64.Build.0 = Debug|Any CPU
		{42CC4347-4757-4C72-AF93-BDE74AFCFC5B}.Debug|x86.ActiveCfg = Debug|Any CPU
		{42CC4347-4757-4C72-AF93-BDE74AFCFC5B}.Debug|x86.Build.0 = Debug|Any CPU
		{42CC4347-4757-4C72-AF93-BDE74AFCFC5B}.Release|Any CPU.ActiveCfg = Release|Any CPU
		{42CC4347-4757-4C72-AF93-BDE74AFCFC5B}.Release|Any CPU.Build.0 = Release|Any CPU
		{42CC4347-4757-4C72-AF93-BDE74AFCFC5B}.Release|x64.ActiveCfg = Release|Any CPU
		{42CC4347-4757-4C72-AF93-BDE74AFCFC5B}.Release|x64.Build.0 = Release|Any CPU
		{42CC4347-4757-4C72-AF93-BDE74AFCFC5B}.Release|x86.ActiveCfg = Release|Any CPU
		{42CC4347-4757-4C72-AF93-BDE74AFCFC5B}.Release|x86.Build.0 = Release|Any CPU
		{AD620930-7A49-4BCE-8D7A-738ACA7BC9C2}.Debug|Any CPU.ActiveCfg = Debug|Any CPU
		{AD620930-7A49-4BCE-8D7A-738ACA7BC9C2}.Debug|Any CPU.Build.0 = Debug|Any CPU
		{AD620930-7A49-4BCE-8D7A-738ACA7BC9C2}.Debug|x64.ActiveCfg = Debug|Any CPU
		{AD620930-7A49-4BCE-8D7A-738ACA7BC9C2}.Debug|x64.Build.0 = Debug|Any CPU
		{AD620930-7A49-4BCE-8D7A-738ACA7BC9C2}.Debug|x86.ActiveCfg = Debug|Any CPU
		{AD620930-7A49-4BCE-8D7A-738ACA7BC9C2}.Debug|x86.Build.0 = Debug|Any CPU
		{AD620930-7A49-4BCE-8D7A-738ACA7BC9C2}.Release|Any CPU.ActiveCfg = Release|Any CPU
		{AD620930-7A49-4BCE-8D7A-738ACA7BC9C2}.Release|Any CPU.Build.0 = Release|Any CPU
		{AD620930-7A49-4BCE-8D7A-738ACA7BC9C2}.Release|x64.ActiveCfg = Release|Any CPU
		{AD620930-7A49-4BCE-8D7A-738ACA7BC9C2}.Release|x64.Build.0 = Release|Any CPU
		{AD620930-7A49-4BCE-8D7A-738ACA7BC9C2}.Release|x86.ActiveCfg = Release|Any CPU
		{AD620930-7A49-4BCE-8D7A-738ACA7BC9C2}.Release|x86.Build.0 = Release|Any CPU
		{C39835DF-B9C8-4B85-9F0D-4D183975DED1}.Debug|Any CPU.ActiveCfg = Debug|Any CPU
		{C39835DF-B9C8-4B85-9F0D-4D183975DED1}.Debug|Any CPU.Build.0 = Debug|Any CPU
		{C39835DF-B9C8-4B85-9F0D-4D183975DED1}.Debug|x64.ActiveCfg = Debug|Any CPU
		{C39835DF-B9C8-4B85-9F0D-4D183975DED1}.Debug|x64.Build.0 = Debug|Any CPU
		{C39835DF-B9C8-4B85-9F0D-4D183975DED1}.Debug|x86.ActiveCfg = Debug|Any CPU
		{C39835DF-B9C8-4B85-9F0D-4D183975DED1}.Debug|x86.Build.0 = Debug|Any CPU
		{C39835DF-B9C8-4B85-9F0D-4D183975DED1}.Release|Any CPU.ActiveCfg = Release|Any CPU
		{C39835DF-B9C8-4B85-9F0D-4D183975DED1}.Release|Any CPU.Build.0 = Release|Any CPU
		{C39835DF-B9C8-4B85-9F0D-4D183975DED1}.Release|x64.ActiveCfg = Release|Any CPU
		{C39835DF-B9C8-4B85-9F0D-4D183975DED1}.Release|x64.Build.0 = Release|Any CPU
		{C39835DF-B9C8-4B85-9F0D-4D183975DED1}.Release|x86.ActiveCfg = Release|Any CPU
		{C39835DF-B9C8-4B85-9F0D-4D183975DED1}.Release|x86.Build.0 = Release|Any CPU
	EndGlobalSection
EndGlobal
